{
  "name": "Restraunt",
  "lockfileVersion": 3,
  "requires": true,
  "packages": {
    "": {
      "dependencies": {
        "hono": "^4.6.10"
      }
    },
    "node_modules/hono": {
      "version": "4.6.10",
      "resolved": "https://registry.npmjs.org/hono/-/hono-4.6.10.tgz",
      "integrity": "sha512-IXXNfRAZEahFnWBhUUlqKEGF9upeE6hZoRZszvNkyAz/CYp+iVbxm3viMvStlagRJohjlBRGOQ7f4jfcV0XMGg==",
      "license": "MIT",
      "engines": {
        "node": ">=16.9.0"
      }
    }
  }
}
